
Microsoft Visual Studio Solution File, Format Version 11.00
# Visual Studio 2010
Project("{2150E333-8FDC-42A3-9474-1A3956D46DE8}") = "Samples", "Samples", "{59684A67-BDA7-4DF7-97A9-E61690C8A7CC}"
EndProject
Project("{8BC9CEB8-8B4A-11D0-8D11-00A0C91BC942}") = "VRSim3DGlobe", "Samples\VRSim3DGlobe\VRSim3DGlobe.vcxproj", "{410D4748-2284-45D1-B151-C7DF7151A3FD}"
EndProject
Project("{2150E333-8FDC-42A3-9474-1A3956D46DE8}") = "VRSim3DAPI", "VRSim3DAPI", "{2CFA3490-8057-415F-82E1-0F1A17F8B331}"
EndProject
Project("{8BC9CEB8-8B4A-11D0-8D11-00A0C91BC942}") = "VRSim3DAPI", "VRSim3DAPI\VRSM3D_APP.vcxproj", "{E3D0DD51-D6C5-4DFB-A1B8-40770DC9AF41}"
EndProject
Project("{8BC9CEB8-8B4A-11D0-8D11-00A0C91BC942}") = "test", "Samples\test\test.vcxproj", "{2D21838D-59E7-4BAB-A436-517D8A49977C}"
EndProject
Project("{8BC9CEB8-8B4A-11D0-8D11-00A0C91BC942}") = "VRSim3DGlobe_QT", "VRSim3DGlobe_QT\VRSim3DGlobe_QT.vcxproj", "{79635B05-BCAF-42F1-A35E-2F2AFFA6D511}"
EndProject
Global
	GlobalSection(SolutionConfigurationPlatforms) = preSolution
		Debug|Win32 = Debug|Win32
		Release|Win32 = Release|Win32
	EndGlobalSection
	GlobalSection(ProjectConfigurationPlatforms) = postSolution
		{410D4748-2284-45D1-B151-C7DF7151A3FD}.Debug|Win32.ActiveCfg = Debug|Win32
		{410D4748-2284-45D1-B151-C7DF7151A3FD}.Debug|Win32.Build.0 = Debug|Win32
		{410D4748-2284-45D1-B151-C7DF7151A3FD}.Release|Win32.ActiveCfg = Release|Win32
		{410D4748-2284-45D1-B151-C7DF7151A3FD}.Release|Win32.Build.0 = Release|Win32
		{E3D0DD51-D6C5-4DFB-A1B8-40770DC9AF41}.Debug|Win32.ActiveCfg = Debug|Win32
		{E3D0DD51-D6C5-4DFB-A1B8-40770DC9AF41}.Debug|Win32.Build.0 = Debug|Win32
		{E3D0DD51-D6C5-4DFB-A1B8-40770DC9AF41}.Release|Win32.ActiveCfg = Release|Win32
		{E3D0DD51-D6C5-4DFB-A1B8-40770DC9AF41}.Release|Win32.Build.0 = Release|Win32
		{2D21838D-59E7-4BAB-A436-517D8A49977C}.Debug|Win32.ActiveCfg = Debug|Win32
		{2D21838D-59E7-4BAB-A436-517D8A49977C}.Debug|Win32.Build.0 = Debug|Win32
		{2D21838D-59E7-4BAB-A436-517D8A49977C}.Release|Win32.ActiveCfg = Release|Win32
		{2D21838D-59E7-4BAB-A436-517D8A49977C}.Release|Win32.Build.0 = Release|Win32
		{79635B05-BCAF-42F1-A35E-2F2AFFA6D511}.Debug|Win32.ActiveCfg = Debug|Win32
		{79635B05-BCAF-42F1-A35E-2F2AFFA6D511}.Debug|Win32.Build.0 = Debug|Win32
		{79635B05-BCAF-42F1-A35E-2F2AFFA6D511}.Release|Win32.ActiveCfg = Release|Win32
		{79635B05-BCAF-42F1-A35E-2F2AFFA6D511}.Release|Win32.Build.0 = Release|Win32
	EndGlobalSection
	GlobalSection(SolutionProperties) = preSolution
		HideSolutionNode = FALSE
	EndGlobalSection
	GlobalSection(NestedProjects) = preSolution
		{410D4748-2284-45D1-B151-C7DF7151A3FD} = {59684A67-BDA7-4DF7-97A9-E61690C8A7CC}
		{2D21838D-59E7-4BAB-A436-517D8A49977C} = {59684A67-BDA7-4DF7-97A9-E61690C8A7CC}
		{79635B05-BCAF-42F1-A35E-2F2AFFA6D511} = {59684A67-BDA7-4DF7-97A9-E61690C8A7CC}
		{E3D0DD51-D6C5-4DFB-A1B8-40770DC9AF41} = {2CFA3490-8057-415F-82E1-0F1A17F8B331}
	EndGlobalSection
EndGlobal
