<?xml version="1.0" encoding="utf-8"?>
<Project ToolsVersion="4.0" xmlns="http://schemas.microsoft.com/developer/msbuild/2003">
  <ItemGroup>
    <Filter Include="源文件">
      <UniqueIdentifier>{4FC737F1-C7A5-4376-A066-2A32D752A2FF}</UniqueIdentifier>
      <Extensions>cpp;c;cc;cxx;def;odl;idl;hpj;bat;asm;asmx</Extensions>
    </Filter>
    <Filter Include="头文件">
      <UniqueIdentifier>{93995380-89BD-4b04-88EB-625FBE52EBFB}</UniqueIdentifier>
      <Extensions>h;hpp;hxx;hm;inl;inc;xsd</Extensions>
    </Filter>
    <Filter Include="资源文件">
      <UniqueIdentifier>{67DA6AB6-F800-4c08-8B7A-83BB121AAD01}</UniqueIdentifier>
      <Extensions>rc;ico;cur;bmp;dlg;rc2;rct;bin;rgs;gif;jpg;jpeg;jpe;resx;tiff;tif;png;wav;mfcribbon-ms</Extensions>
    </Filter>
  </ItemGroup>
  <ItemGroup>
    <None Include="ReadMe.txt" />
    <None Include="res\buttons.bmp">
      <Filter>资源文件</Filter>
    </None>
    <None Include="res\filelarge.bmp">
      <Filter>资源文件</Filter>
    </None>
    <None Include="res\filesmall.bmp">
      <Filter>资源文件</Filter>
    </None>
    <None Include="res\main.bmp">
      <Filter>资源文件</Filter>
    </None>
    <None Include="res\writelarge.bmp">
      <Filter>资源文件</Filter>
    </None>
    <None Include="res\writesmall.bmp">
      <Filter>资源文件</Filter>
    </None>
    <None Include="res\ribbon.mfcribbon-ms">
      <Filter>资源文件</Filter>
    </None>
    <None Include="res\VRSim3DGlobe.rc2">
      <Filter>资源文件</Filter>
    </None>
    <None Include="res\VRSim3DGlobeDoc.ico">
      <Filter>资源文件</Filter>
    </None>
    <None Include="res\VRSim3DGlobe.ico">
      <Filter>资源文件</Filter>
    </None>
    <None Include="res\Toolbar.bmp">
      <Filter>资源文件</Filter>
    </None>
    <None Include="res\Toolbar256.bmp">
      <Filter>资源文件</Filter>
    </None>
    <None Include="..\..\bin\res\drawCircle.png">
      <Filter>资源文件</Filter>
    </None>
    <None Include="..\..\bin\res\drawRect.png">
      <Filter>资源文件</Filter>
    </None>
    <None Include="..\..\bin\res\Icons-02.png">
      <Filter>资源文件</Filter>
    </None>
    <None Include="..\..\bin\res\Icons-03.png">
      <Filter>资源文件</Filter>
    </None>
    <None Include="..\..\bin\res\Icons-04.png">
      <Filter>资源文件</Filter>
    </None>
    <None Include="..\..\bin\res\logo2.png">
      <Filter>资源文件</Filter>
    </None>
    <None Include="..\..\bin\res\logo48.png">
      <Filter>资源文件</Filter>
    </None>
    <None Include="..\..\bin\res\主logo.png">
      <Filter>资源文件</Filter>
    </None>
    <None Include="..\..\bin\res\dateTime.png">
      <Filter>资源文件</Filter>
    </None>
    <None Include="..\..\bin\res\dateTime1.png">
      <Filter>资源文件</Filter>
    </None>
    <None Include="..\..\bin\res\dateTime16.png">
      <Filter>资源文件</Filter>
    </None>
    <None Include="..\..\bin\res\dateTime32.png">
      <Filter>资源文件</Filter>
    </None>
    <None Include="..\..\bin\res\16x16\basic16.BMP">
      <Filter>资源文件</Filter>
    </None>
    <None Include="..\..\bin\res\32x32\basic.BMP">
      <Filter>资源文件</Filter>
    </None>
    <None Include="res\bitmap2.bmp">
      <Filter>资源文件</Filter>
    </None>
    <None Include="..\..\bin\res\32x32\123.PNG">
      <Filter>资源文件</Filter>
    </None>
    <None Include="..\..\bin\res\16x16\basic16.PNG">
      <Filter>资源文件</Filter>
    </None>
    <None Include="..\..\bin\res\32x32\basic32.PNG">
      <Filter>资源文件</Filter>
    </None>
    <None Include="..\..\bin\res\model\dynamicmodel16.PNG">
      <Filter>资源文件</Filter>
    </None>
    <None Include="..\..\bin\res\model\dynamicmodel32.PNG">
      <Filter>资源文件</Filter>
    </None>
  </ItemGroup>
  <ItemGroup>
    <ClInclude Include="VRSim3DGlobe.h">
      <Filter>头文件</Filter>
    </ClInclude>
    <ClInclude Include="stdafx.h">
      <Filter>头文件</Filter>
    </ClInclude>
    <ClInclude Include="targetver.h">
      <Filter>头文件</Filter>
    </ClInclude>
    <ClInclude Include="MainFrm.h">
      <Filter>头文件</Filter>
    </ClInclude>
    <ClInclude Include="VRSim3DGlobeDoc.h">
      <Filter>头文件</Filter>
    </ClInclude>
    <ClInclude Include="VRSim3DGlobeView.h">
      <Filter>头文件</Filter>
    </ClInclude>
    <ClInclude Include="Resource.h">
      <Filter>头文件</Filter>
    </ClInclude>
  </ItemGroup>
  <ItemGroup>
    <ClCompile Include="VRSim3DGlobe.cpp">
      <Filter>源文件</Filter>
    </ClCompile>
    <ClCompile Include="stdafx.cpp">
      <Filter>源文件</Filter>
    </ClCompile>
    <ClCompile Include="MainFrm.cpp">
      <Filter>源文件</Filter>
    </ClCompile>
    <ClCompile Include="VRSim3DGlobeDoc.cpp">
      <Filter>源文件</Filter>
    </ClCompile>
    <ClCompile Include="VRSim3DGlobeView.cpp">
      <Filter>源文件</Filter>
    </ClCompile>
  </ItemGroup>
  <ItemGroup>
    <ResourceCompile Include="VRSim3DGlobe.rc">
      <Filter>资源文件</Filter>
    </ResourceCompile>
  </ItemGroup>
</Project>